// !$*UTF8*$!
{
	archiveVersion = 1;
	classes = {
	};
	objectVersion = 55;
	objects = {

/* Begin PBXBuildFile section */
		DB8E5BAA271AA8BA00A69797 /* AppDelegate.swift in Sources */ = {isa = PBXBuildFile; fileRef = DB8E5BA9271AA8BA00A69797 /* AppDelegate.swift */; };
		DB8E5BAC271AA8BA00A69797 /* SceneDelegate.swift in Sources */ = {isa = PBXBuildFile; fileRef = DB8E5BAB271AA8BA00A69797 /* SceneDelegate.swift */; };
		DB8E5BAE271AA8BA00A69797 /* HomeViewController.swift in Sources */ = {isa = PBXBuildFile; fileRef = DB8E5BAD271AA8BA00A69797 /* HomeViewController.swift */; };
		DB8E5BB1271AA8BA00A69797 /* Main.storyboard in Resources */ = {isa = PBXBuildFile; fileRef = DB8E5BAF271AA8BA00A69797 /* Main.storyboard */; };
		DB8E5BB3271AA8BC00A69797 /* Assets.xcassets in Resources */ = {isa = PBXBuildFile; fileRef = DB8E5BB2271AA8BC00A69797 /* Assets.xcassets */; };
		DB8E5BB6271AA8BC00A69797 /* LaunchScreen.storyboard in Resources */ = {isa = PBXBuildFile; fileRef = DB8E5BB4271AA8BC00A69797 /* LaunchScreen.storyboard */; };
		DB8E5BC4271AA9EF00A69797 /* ExploreViewController.swift in Sources */ = {isa = PBXBuildFile; fileRef = DB8E5BC3271AA9EF00A69797 /* ExploreViewController.swift */; };
		DB8E5BC6271AAA0A00A69797 /* CameraViewController.swift in Sources */ = {isa = PBXBuildFile; fileRef = DB8E5BC5271AAA0A00A69797 /* CameraViewController.swift */; };
		DB8E5BC8271AAA1C00A69797 /* NotificationViewController.swift in Sources */ = {isa = PBXBuildFile; fileRef = DB8E5BC7271AAA1C00A69797 /* NotificationViewController.swift */; };
		DB8E5BCA271AAA2500A69797 /* ProfileViewController.swift in Sources */ = {isa = PBXBuildFile; fileRef = DB8E5BC9271AAA2500A69797 /* ProfileViewController.swift */; };
		DB8E5BCF271AAA9500A69797 /* LoginViewController.swift in Sources */ = {isa = PBXBuildFile; fileRef = DB8E5BCE271AAA9500A69797 /* LoginViewController.swift */; };
		DB8E5BD1271AAAA000A69797 /* RegisterViewController.swift in Sources */ = {isa = PBXBuildFile; fileRef = DB8E5BD0271AAAA000A69797 /* RegisterViewController.swift */; };
		DB8E5BD3271AAAC400A69797 /* PostViewController.swift in Sources */ = {isa = PBXBuildFile; fileRef = DB8E5BD2271AAAC400A69797 /* PostViewController.swift */; };
		DB8E5BD5271AAAE100A69797 /* EditProfileViewController.swift in Sources */ = {isa = PBXBuildFile; fileRef = DB8E5BD4271AAAE100A69797 /* EditProfileViewController.swift */; };
		DB8E5BD7271AAAED00A69797 /* SettingsViewController.swift in Sources */ = {isa = PBXBuildFile; fileRef = DB8E5BD6271AAAED00A69797 /* SettingsViewController.swift */; };
		DB8E5BD9271AAAFC00A69797 /* ListViewController.swift in Sources */ = {isa = PBXBuildFile; fileRef = DB8E5BD8271AAAFC00A69797 /* ListViewController.swift */; };
		DB8E5BDB271AAB0D00A69797 /* SearchViewController.swift in Sources */ = {isa = PBXBuildFile; fileRef = DB8E5BDA271AAB0D00A69797 /* SearchViewController.swift */; };
		DB8E5BDD271AAB1A00A69797 /* SearchResultViewController.swift in Sources */ = {isa = PBXBuildFile; fileRef = DB8E5BDC271AAB1A00A69797 /* SearchResultViewController.swift */; };
		DB8E5BDF271AAB4800A69797 /* PostEditorViewController.swift in Sources */ = {isa = PBXBuildFile; fileRef = DB8E5BDE271AAB4800A69797 /* PostEditorViewController.swift */; };
		DB8E5BE1271AAB5900A69797 /* PublishPostViewController.swift in Sources */ = {isa = PBXBuildFile; fileRef = DB8E5BE0271AAB5900A69797 /* PublishPostViewController.swift */; };
/* End PBXBuildFile section */

/* Begin PBXFileReference section */
		DB8E5BA6271AA8BA00A69797 /* Instagram.app */ = {isa = PBXFileReference; explicitFileType = wrapper.application; includeInIndex = 0; path = Instagram.app; sourceTree = BUILT_PRODUCTS_DIR; };
		DB8E5BA9271AA8BA00A69797 /* AppDelegate.swift */ = {isa = PBXFileReference; lastKnownFileType = sourcecode.swift; path = AppDelegate.swift; sourceTree = "<group>"; };
		DB8E5BAB271AA8BA00A69797 /* SceneDelegate.swift */ = {isa = PBXFileReference; lastKnownFileType = sourcecode.swift; path = SceneDelegate.swift; sourceTree = "<group>"; };
		DB8E5BAD271AA8BA00A69797 /* HomeViewController.swift */ = {isa = PBXFileReference; lastKnownFileType = sourcecode.swift; path = HomeViewController.swift; sourceTree = "<group>"; };
		DB8E5BB0271AA8BA00A69797 /* Base */ = {isa = PBXFileReference; lastKnownFileType = file.storyboard; name = Base; path = Base.lproj/Main.storyboard; sourceTree = "<group>"; };
		DB8E5BB2271AA8BC00A69797 /* Assets.xcassets */ = {isa = PBXFileReference; lastKnownFileType = folder.assetcatalog; path = Assets.xcassets; sourceTree = "<group>"; };
		DB8E5BB5271AA8BC00A69797 /* Base */ = {isa = PBXFileReference; lastKnownFileType = file.storyboard; name = Base; path = Base.lproj/LaunchScreen.storyboard; sourceTree = "<group>"; };
		DB8E5BB7271AA8BC00A69797 /* Info.plist */ = {isa = PBXFileReference; lastKnownFileType = text.plist.xml; path = Info.plist; sourceTree = "<group>"; };
		DB8E5BC3271AA9EF00A69797 /* ExploreViewController.swift */ = {isa = PBXFileReference; lastKnownFileType = sourcecode.swift; path = ExploreViewController.swift; sourceTree = "<group>"; };
		DB8E5BC5271AAA0A00A69797 /* CameraViewController.swift */ = {isa = PBXFileReference; lastKnownFileType = sourcecode.swift; path = CameraViewController.swift; sourceTree = "<group>"; };
		DB8E5BC7271AAA1C00A69797 /* NotificationViewController.swift */ = {isa = PBXFileReference; lastKnownFileType = sourcecode.swift; path = NotificationViewController.swift; sourceTree = "<group>"; };
		DB8E5BC9271AAA2500A69797 /* ProfileViewController.swift */ = {isa = PBXFileReference; lastKnownFileType = sourcecode.swift; path = ProfileViewController.swift; sourceTree = "<group>"; };
		DB8E5BCE271AAA9500A69797 /* LoginViewController.swift */ = {isa = PBXFileReference; lastKnownFileType = sourcecode.swift; path = LoginViewController.swift; sourceTree = "<group>"; };
		DB8E5BD0271AAAA000A69797 /* RegisterViewController.swift */ = {isa = PBXFileReference; lastKnownFileType = sourcecode.swift; path = RegisterViewController.swift; sourceTree = "<group>"; };
		DB8E5BD2271AAAC400A69797 /* PostViewController.swift */ = {isa = PBXFileReference; lastKnownFileType = sourcecode.swift; path = PostViewController.swift; sourceTree = "<group>"; };
		DB8E5BD4271AAAE100A69797 /* EditProfileViewController.swift */ = {isa = PBXFileReference; lastKnownFileType = sourcecode.swift; path = EditProfileViewController.swift; sourceTree = "<group>"; };
		DB8E5BD6271AAAED00A69797 /* SettingsViewController.swift */ = {isa = PBXFileReference; lastKnownFileType = sourcecode.swift; path = SettingsViewController.swift; sourceTree = "<group>"; };
		DB8E5BD8271AAAFC00A69797 /* ListViewController.swift */ = {isa = PBXFileReference; lastKnownFileType = sourcecode.swift; path = ListViewController.swift; sourceTree = "<group>"; };
		DB8E5BDA271AAB0D00A69797 /* SearchViewController.swift */ = {isa = PBXFileReference; lastKnownFileType = sourcecode.swift; path = SearchViewController.swift; sourceTree = "<group>"; };
		DB8E5BDC271AAB1A00A69797 /* SearchResultViewController.swift */ = {isa = PBXFileReference; lastKnownFileType = sourcecode.swift; path = SearchResultViewController.swift; sourceTree = "<group>"; };
		DB8E5BDE271AAB4800A69797 /* PostEditorViewController.swift */ = {isa = PBXFileReference; lastKnownFileType = sourcecode.swift; path = PostEditorViewController.swift; sourceTree = "<group>"; };
		DB8E5BE0271AAB5900A69797 /* PublishPostViewController.swift */ = {isa = PBXFileReference; lastKnownFileType = sourcecode.swift; path = PublishPostViewController.swift; sourceTree = "<group>"; };
/* End PBXFileReference section */

/* Begin PBXFrameworksBuildPhase section */
		DB8E5BA3271AA8BA00A69797 /* Frameworks */ = {
			isa = PBXFrameworksBuildPhase;
			buildActionMask = 2147483647;
			files = (
			);
			runOnlyForDeploymentPostprocessing = 0;
		};
/* End PBXFrameworksBuildPhase section */

/* Begin PBXGroup section */
		DB8E5B9D271AA8BA00A69797 = {
			isa = PBXGroup;
			children = (
				DB8E5BA8271AA8BA00A69797 /* Instagram */,
				DB8E5BA7271AA8BA00A69797 /* Products */,
			);
			sourceTree = "<group>";
		};
		DB8E5BA7271AA8BA00A69797 /* Products */ = {
			isa = PBXGroup;
			children = (
				DB8E5BA6271AA8BA00A69797 /* Instagram.app */,
			);
			name = Products;
			sourceTree = "<group>";
		};
		DB8E5BA8271AA8BA00A69797 /* Instagram */ = {
			isa = PBXGroup;
			children = (
				DB8E5BC0271AA94F00A69797 /* Resources */,
				DB8E5BBF271AA94700A69797 /* Models */,
				DB8E5BBE271AA94000A69797 /* Views */,
				DB8E5BBD271AA93900A69797 /* Controllers */,
				DB8E5BB7271AA8BC00A69797 /* Info.plist */,
			);
			path = Instagram;
			sourceTree = "<group>";
		};
		DB8E5BBD271AA93900A69797 /* Controllers */ = {
			isa = PBXGroup;
			children = (
				DB8E5BCC271AAA7800A69797 /* Other */,
				DB8E5BCB271AAA3200A69797 /* Core Tabs */,
			);
			path = Controllers;
			sourceTree = "<group>";
		};
		DB8E5BBE271AA94000A69797 /* Views */ = {
			isa = PBXGroup;
			children = (
				DB8E5BB2271AA8BC00A69797 /* Assets.xcassets */,
				DB8E5BC1271AA98800A69797 /* Storyboards */,
			);
			path = Views;
			sourceTree = "<group>";
		};
		DB8E5BBF271AA94700A69797 /* Models */ = {
			isa = PBXGroup;
			children = (
			);
			path = Models;
			sourceTree = "<group>";
		};
		DB8E5BC0271AA94F00A69797 /* Resources */ = {
			isa = PBXGroup;
			children = (
				DB8E5BA9271AA8BA00A69797 /* AppDelegate.swift */,
				DB8E5BAB271AA8BA00A69797 /* SceneDelegate.swift */,
			);
			path = Resources;
			sourceTree = "<group>";
		};
		DB8E5BC1271AA98800A69797 /* Storyboards */ = {
			isa = PBXGroup;
			children = (
				DB8E5BAF271AA8BA00A69797 /* Main.storyboard */,
				DB8E5BB4271AA8BC00A69797 /* LaunchScreen.storyboard */,
			);
			path = Storyboards;
			sourceTree = "<group>";
		};
		DB8E5BCB271AAA3200A69797 /* Core Tabs */ = {
			isa = PBXGroup;
			children = (
				DB8E5BAD271AA8BA00A69797 /* HomeViewController.swift */,
				DB8E5BC3271AA9EF00A69797 /* ExploreViewController.swift */,
				DB8E5BC5271AAA0A00A69797 /* CameraViewController.swift */,
				DB8E5BC7271AAA1C00A69797 /* NotificationViewController.swift */,
				DB8E5BC9271AAA2500A69797 /* ProfileViewController.swift */,
			);
			path = "Core Tabs";
			sourceTree = "<group>";
		};
		DB8E5BCC271AAA7800A69797 /* Other */ = {
			isa = PBXGroup;
			children = (
				DB8E5BCD271AAA8000A69797 /* Onboarding */,
				DB8E5BD2271AAAC400A69797 /* PostViewController.swift */,
				DB8E5BD4271AAAE100A69797 /* EditProfileViewController.swift */,
				DB8E5BD6271AAAED00A69797 /* SettingsViewController.swift */,
				DB8E5BD8271AAAFC00A69797 /* ListViewController.swift */,
				DB8E5BDA271AAB0D00A69797 /* SearchViewController.swift */,
				DB8E5BDC271AAB1A00A69797 /* SearchResultViewController.swift */,
				DB8E5BDE271AAB4800A69797 /* PostEditorViewController.swift */,
				DB8E5BE0271AAB5900A69797 /* PublishPostViewController.swift */,
			);
			path = Other;
			sourceTree = "<group>";
		};
		DB8E5BCD271AAA8000A69797 /* Onboarding */ = {
			isa = PBXGroup;
			children = (
				DB8E5BCE271AAA9500A69797 /* LoginViewController.swift */,
				DB8E5BD0271AAAA000A69797 /* RegisterViewController.swift */,
			);
			path = Onboarding;
			sourceTree = "<group>";
		};
/* End PBXGroup section */

/* Begin PBXNativeTarget section */
		DB8E5BA5271AA8BA00A69797 /* Instagram */ = {
			isa = PBXNativeTarget;
			buildConfigurationList = DB8E5BBA271AA8BC00A69797 /* Build configuration list for PBXNativeTarget "Instagram" */;
			buildPhases = (
				DB8E5BA2271AA8BA00A69797 /* Sources */,
				DB8E5BA3271AA8BA00A69797 /* Frameworks */,
				DB8E5BA4271AA8BA00A69797 /* Resources */,
			);
			buildRules = (
			);
			dependencies = (
			);
			name = Instagram;
			productName = Instagram;
			productReference = DB8E5BA6271AA8BA00A69797 /* Instagram.app */;
			productType = "com.apple.product-type.application";
		};
/* End PBXNativeTarget section */

/* Begin PBXProject section */
		DB8E5B9E271AA8BA00A69797 /* Project object */ = {
			isa = PBXProject;
			attributes = {
				BuildIndependentTargetsInParallel = 1;
				LastSwiftUpdateCheck = 1300;
				LastUpgradeCheck = 1300;
				TargetAttributes = {
					DB8E5BA5271AA8BA00A69797 = {
						CreatedOnToolsVersion = 13.0;
					};
				};
			};
			buildConfigurationList = DB8E5BA1271AA8BA00A69797 /* Build configuration list for PBXProject "Instagram" */;
			compatibilityVersion = "Xcode 13.0";
			developmentRegion = en;
			hasScannedForEncodings = 0;
			knownRegions = (
				en,
				Base,
			);
			mainGroup = DB8E5B9D271AA8BA00A69797;
			productRefGroup = DB8E5BA7271AA8BA00A69797 /* Products */;
			projectDirPath = "";
			projectRoot = "";
			targets = (
				DB8E5BA5271AA8BA00A69797 /* Instagram */,
			);
		};
/* End PBXProject section */

/* Begin PBXResourcesBuildPhase section */
		DB8E5BA4271AA8BA00A69797 /* Resources */ = {
			isa = PBXResourcesBuildPhase;
			buildActionMask = 2147483647;
			files = (
				DB8E5BB6271AA8BC00A69797 /* LaunchScreen.storyboard in Resources */,
				DB8E5BB3271AA8BC00A69797 /* Assets.xcassets in Resources */,
				DB8E5BB1271AA8BA00A69797 /* Main.storyboard in Resources */,
			);
			runOnlyForDeploymentPostprocessing = 0;
		};
/* End PBXResourcesBuildPhase section */

/* Begin PBXSourcesBuildPhase section */
		DB8E5BA2271AA8BA00A69797 /* Sources */ = {
			isa = PBXSourcesBuildPhase;
			buildActionMask = 2147483647;
			files = (
				DB8E5BD5271AAAE100A69797 /* EditProfileViewController.swift in Sources */,
				DB8E5BD1271AAAA000A69797 /* RegisterViewController.swift in Sources */,
				DB8E5BE1271AAB5900A69797 /* PublishPostViewController.swift in Sources */,
				DB8E5BC4271AA9EF00A69797 /* ExploreViewController.swift in Sources */,
				DB8E5BC6271AAA0A00A69797 /* CameraViewController.swift in Sources */,
				DB8E5BC8271AAA1C00A69797 /* NotificationViewController.swift in Sources */,
				DB8E5BDF271AAB4800A69797 /* PostEditorViewController.swift in Sources */,
				DB8E5BD3271AAAC400A69797 /* PostViewController.swift in Sources */,
				DB8E5BAE271AA8BA00A69797 /* HomeViewController.swift in Sources */,
				DB8E5BDD271AAB1A00A69797 /* SearchResultViewController.swift in Sources */,
				DB8E5BCF271AAA9500A69797 /* LoginViewController.swift in Sources */,
				DB8E5BDB271AAB0D00A69797 /* SearchViewController.swift in Sources */,
				DB8E5BCA271AAA2500A69797 /* ProfileViewController.swift in Sources */,
				DB8E5BAA271AA8BA00A69797 /* AppDelegate.swift in Sources */,
				DB8E5BAC271AA8BA00A69797 /* SceneDelegate.swift in Sources */,
				DB8E5BD9271AAAFC00A69797 /* ListViewController.swift in Sources */,
				DB8E5BD7271AAAED00A69797 /* SettingsViewController.swift in Sources */,
			);
			runOnlyForDeploymentPostprocessing = 0;
		};
/* End PBXSourcesBuildPhase section */

/* Begin PBXVariantGroup section */
		DB8E5BAF271AA8BA00A69797 /* Main.storyboard */ = {
			isa = PBXVariantGroup;
			children = (
				DB8E5BB0271AA8BA00A69797 /* Base */,
			);
			name = Main.storyboard;
			sourceTree = "<group>";
		};
		DB8E5BB4271AA8BC00A69797 /* LaunchScreen.storyboard */ = {
			isa = PBXVariantGroup;
			children = (
				DB8E5BB5271AA8BC00A69797 /* Base */,
			);
			name = LaunchScreen.storyboard;
			sourceTree = "<group>";
		};
/* End PBXVariantGroup section */

/* Begin XCBuildConfiguration section */
		DB8E5BB8271AA8BC00A69797 /* Debug */ = {
			isa = XCBuildConfiguration;
			buildSettings = {
				ALWAYS_SEARCH_USER_PATHS = NO;
				CLANG_ANALYZER_NONNULL = YES;
				CLANG_ANALYZER_NUMBER_OBJECT_CONVERSION = YES_AGGRESSIVE;
				CLANG_CXX_LANGUAGE_STANDARD = "gnu++17";
				CLANG_CXX_LIBRARY = "libc++";
				CLANG_ENABLE_MODULES = YES;
				CLANG_ENABLE_OBJC_ARC = YES;
				CLANG_ENABLE_OBJC_WEAK = YES;
				CLANG_WARN_BLOCK_CAPTURE_AUTORELEASING = YES;
				CLANG_WARN_BOOL_CONVERSION = YES;
				CLANG_WARN_COMMA = YES;
				CLANG_WARN_CONSTANT_CONVERSION = YES;
				CLANG_WARN_DEPRECATED_OBJC_IMPLEMENTATIONS = YES;
				CLANG_WARN_DIRECT_OBJC_ISA_USAGE = YES_ERROR;
				CLANG_WARN_DOCUMENTATION_COMMENTS = YES;
				CLANG_WARN_EMPTY_BODY = YES;
				CLANG_WARN_ENUM_CONVERSION = YES;
				CLANG_WARN_INFINITE_RECURSION = YES;
				CLANG_WARN_INT_CONVERSION = YES;
				CLANG_WARN_NON_LITERAL_NULL_CONVERSION = YES;
				CLANG_WARN_OBJC_IMPLICIT_RETAIN_SELF = YES;
				CLANG_WARN_OBJC_LITERAL_CONVERSION = YES;
				CLANG_WARN_OBJC_ROOT_CLASS = YES_ERROR;
				CLANG_WARN_QUOTED_INCLUDE_IN_FRAMEWORK_HEADER = YES;
				CLANG_WARN_RANGE_LOOP_ANALYSIS = YES;
				CLANG_WARN_STRICT_PROTOTYPES = YES;
				CLANG_WARN_SUSPICIOUS_MOVE = YES;
				CLANG_WARN_UNGUARDED_AVAILABILITY = YES_AGGRESSIVE;
				CLANG_WARN_UNREACHABLE_CODE = YES;
				CLANG_WARN__DUPLICATE_METHOD_MATCH = YES;
				COPY_PHASE_STRIP = NO;
				DEBUG_INFORMATION_FORMAT = dwarf;
				ENABLE_STRICT_OBJC_MSGSEND = YES;
				ENABLE_TESTABILITY = YES;
				GCC_C_LANGUAGE_STANDARD = gnu11;
				GCC_DYNAMIC_NO_PIC = NO;
				GCC_NO_COMMON_BLOCKS = YES;
				GCC_OPTIMIZATION_LEVEL = 0;
				GCC_PREPROCESSOR_DEFINITIONS = (
					"DEBUG=1",
					"$(inherited)",
				);
				GCC_WARN_64_TO_32_BIT_CONVERSION = YES;
				GCC_WARN_ABOUT_RETURN_TYPE = YES_ERROR;
				GCC_WARN_UNDECLARED_SELECTOR = YES;
				GCC_WARN_UNINITIALIZED_AUTOS = YES_AGGRESSIVE;
				GCC_WARN_UNUSED_FUNCTION = YES;
				GCC_WARN_UNUSED_VARIABLE = YES;
				IPHONEOS_DEPLOYMENT_TARGET = 15.0;
				MTL_ENABLE_DEBUG_INFO = INCLUDE_SOURCE;
				MTL_FAST_MATH = YES;
				ONLY_ACTIVE_ARCH = YES;
				SDKROOT = iphoneos;
				SWIFT_ACTIVE_COMPILATION_CONDITIONS = DEBUG;
				SWIFT_OPTIMIZATION_LEVEL = "-Onone";
			};
			name = Debug;
		};
		DB8E5BB9271AA8BC00A69797 /* Release */ = {
			isa = XCBuildConfiguration;
			buildSettings = {
				ALWAYS_SEARCH_USER_PATHS = NO;
				CLANG_ANALYZER_NONNULL = YES;
				CLANG_ANALYZER_NUMBER_OBJECT_CONVERSION = YES_AGGRESSIVE;
				CLANG_CXX_LANGUAGE_STANDARD = "gnu++17";
				CLANG_CXX_LIBRARY = "libc++";
				CLANG_ENABLE_MODULES = YES;
				CLANG_ENABLE_OBJC_ARC = YES;
				CLANG_ENABLE_OBJC_WEAK = YES;
				CLANG_WARN_BLOCK_CAPTURE_AUTORELEASING = YES;
				CLANG_WARN_BOOL_CONVERSION = YES;
				CLANG_WARN_COMMA = YES;
				CLANG_WARN_CONSTANT_CONVERSION = YES;
				CLANG_WARN_DEPRECATED_OBJC_IMPLEMENTATIONS = YES;
				CLANG_WARN_DIRECT_OBJC_ISA_USAGE = YES_ERROR;
				CLANG_WARN_DOCUMENTATION_COMMENTS = YES;
				CLANG_WARN_EMPTY_BODY = YES;
				CLANG_WARN_ENUM_CONVERSION = YES;
				CLANG_WARN_INFINITE_RECURSION = YES;
				CLANG_WARN_INT_CONVERSION = YES;
				CLANG_WARN_NON_LITERAL_NULL_CONVERSION = YES;
				CLANG_WARN_OBJC_IMPLICIT_RETAIN_SELF = YES;
				CLANG_WARN_OBJC_LITERAL_CONVERSION = YES;
				CLANG_WARN_OBJC_ROOT_CLASS = YES_ERROR;
				CLANG_WARN_QUOTED_INCLUDE_IN_FRAMEWORK_HEADER = YES;
				CLANG_WARN_RANGE_LOOP_ANALYSIS = YES;
				CLANG_WARN_STRICT_PROTOTYPES = YES;
				CLANG_WARN_SUSPICIOUS_MOVE = YES;
				CLANG_WARN_UNGUARDED_AVAILABILITY = YES_AGGRESSIVE;
				CLANG_WARN_UNREACHABLE_CODE = YES;
				CLANG_WARN__DUPLICATE_METHOD_MATCH = YES;
				COPY_PHASE_STRIP = NO;
				DEBUG_INFORMATION_FORMAT = "dwarf-with-dsym";
				ENABLE_NS_ASSERTIONS = NO;
				ENABLE_STRICT_OBJC_MSGSEND = YES;
				GCC_C_LANGUAGE_STANDARD = gnu11;
				GCC_NO_COMMON_BLOCKS = YES;
				GCC_WARN_64_TO_32_BIT_CONVERSION = YES;
				GCC_WARN_ABOUT_RETURN_TYPE = YES_ERROR;
				GCC_WARN_UNDECLARED_SELECTOR = YES;
				GCC_WARN_UNINITIALIZED_AUTOS = YES_AGGRESSIVE;
				GCC_WARN_UNUSED_FUNCTION = YES;
				GCC_WARN_UNUSED_VARIABLE = YES;
				IPHONEOS_DEPLOYMENT_TARGET = 15.0;
				MTL_ENABLE_DEBUG_INFO = NO;
				MTL_FAST_MATH = YES;
				SDKROOT = iphoneos;
				SWIFT_COMPILATION_MODE = wholemodule;
				SWIFT_OPTIMIZATION_LEVEL = "-O";
				VALIDATE_PRODUCT = YES;
			};
			name = Release;
		};
		DB8E5BBB271AA8BC00A69797 /* Debug */ = {
			isa = XCBuildConfiguration;
			buildSettings = {
				ASSETCATALOG_COMPILER_APPICON_NAME = AppIcon;
				ASSETCATALOG_COMPILER_GLOBAL_ACCENT_COLOR_NAME = AccentColor;
				CODE_SIGN_STYLE = Automatic;
				CURRENT_PROJECT_VERSION = 1;
				DEVELOPMENT_TEAM = 5YP67MDYBC;
				GENERATE_INFOPLIST_FILE = YES;
				INFOPLIST_FILE = Instagram/Info.plist;
				INFOPLIST_KEY_UIApplicationSupportsIndirectInputEvents = YES;
				INFOPLIST_KEY_UILaunchStoryboardName = LaunchScreen;
				INFOPLIST_KEY_UIMainStoryboardFile = Main;
				INFOPLIST_KEY_UISupportedInterfaceOrientations_iPad = "UIInterfaceOrientationPortrait UIInterfaceOrientationPortraitUpsideDown UIInterfaceOrientationLandscapeLeft UIInterfaceOrientationLandscapeRight";
				INFOPLIST_KEY_UISupportedInterfaceOrientations_iPhone = "UIInterfaceOrientationPortrait UIInterfaceOrientationLandscapeLeft UIInterfaceOrientationLandscapeRight";
				LD_RUNPATH_SEARCH_PATHS = (
					"$(inherited)",
					"@executable_path/Frameworks",
				);
				MARKETING_VERSION = 1.0;
				PRODUCT_BUNDLE_IDENTIFIER = com.kimhwan.Instagram;
				PRODUCT_NAME = "$(TARGET_NAME)";
				SWIFT_EMIT_LOC_STRINGS = YES;
				SWIFT_VERSION = 5.0;
				TARGETED_DEVICE_FAMILY = "1,2";
			};
			name = Debug;
		};
		DB8E5BBC271AA8BC00A69797 /* Release */ = {
			isa = XCBuildConfiguration;
			buildSettings = {
				ASSETCATALOG_COMPILER_APPICON_NAME = AppIcon;
				ASSETCATALOG_COMPILER_GLOBAL_ACCENT_COLOR_NAME = AccentColor;
				CODE_SIGN_STYLE = Automatic;
				CURRENT_PROJECT_VERSION = 1;
				DEVELOPMENT_TEAM = 5YP67MDYBC;
				GENERATE_INFOPLIST_FILE = YES;
				INFOPLIST_FILE = Instagram/Info.plist;
				INFOPLIST_KEY_UIApplicationSupportsIndirectInputEvents = YES;
				INFOPLIST_KEY_UILaunchStoryboardName = LaunchScreen;
				INFOPLIST_KEY_UIMainStoryboardFile = Main;
				INFOPLIST_KEY_UISupportedInterfaceOrientations_iPad = "UIInterfaceOrientationPortrait UIInterfaceOrientationPortraitUpsideDown UIInterfaceOrientationLandscapeLeft UIInterfaceOrientationLandscapeRight";
				INFOPLIST_KEY_UISupportedInterfaceOrientations_iPhone = "UIInterfaceOrientationPortrait UIInterfaceOrientationLandscapeLeft UIInterfaceOrientationLandscapeRight";
				LD_RUNPATH_SEARCH_PATHS = (
					"$(inherited)",
					"@executable_path/Frameworks",
				);
				MARKETING_VERSION = 1.0;
				PRODUCT_BUNDLE_IDENTIFIER = com.kimhwan.Instagram;
				PRODUCT_NAME = "$(TARGET_NAME)";
				SWIFT_EMIT_LOC_STRINGS = YES;
				SWIFT_VERSION = 5.0;
				TARGETED_DEVICE_FAMILY = "1,2";
			};
			name = Release;
		};
/* End XCBuildConfiguration section */

/* Begin XCConfigurationList section */
		DB8E5BA1271AA8BA00A69797 /* Build configuration list for PBXProject "Instagram" */ = {
			isa = XCConfigurationList;
			buildConfigurations = (
				DB8E5BB8271AA8BC00A69797 /* Debug */,
				DB8E5BB9271AA8BC00A69797 /* Release */,
			);
			defaultConfigurationIsVisible = 0;
			defaultConfigurationName = Release;
		};
		DB8E5BBA271AA8BC00A69797 /* Build configuration list for PBXNativeTarget "Instagram" */ = {
			isa = XCConfigurationList;
			buildConfigurations = (
				DB8E5BBB271AA8BC00A69797 /* Debug */,
				DB8E5BBC271AA8BC00A69797 /* Release */,
			);
			defaultConfigurationIsVisible = 0;
			defaultConfigurationName = Release;
		};
/* End XCConfigurationList section */
	};
	rootObject = DB8E5B9E271AA8BA00A69797 /* Project object */;
}
